github.com/deniswernert/go-fstab v0.0.0-20141204152952-eb4090f26517 h1:YMvaGdOIUowdD6ZybqLsUamGvWONZViUeW6T22U7fP0=
github.com/deniswernert/go-fstab v0.0.0-20141204152952-eb4090f26517/go.mod h1:ixLGX4GUQg44igA/iJawr+KYZLyWOoAzAgTCQcJ/K9Y=
github.com/dominikh/go-augeas v0.0.0-20161110001225-ca62e35ed6b8 h1:h6gmixovGNfHchYyR3+g41Op4UbhlbXmza5tgAvLV7Q=
github.com/dominikh/go-augeas v0.0.0-20161110001225-ca62e35ed6b8/go.mod h1:jDCCBSz6+9Duq7Hrlbu7mp0pEFBJn9Y9OIGQOnVB7xo=
github.com/ghodss/yaml v1.0.0 h1:wQHKEahhL6wmXdzwWG11gIVCkOv05bNOh+Rxn0yngAk=
github.com/ghodss/yaml v1.0.0/go.mod h1:4dBDuWmgqj2HViK6kFavaiC9ZROes6MMH2rRYeMEF04=
github.com/jaypipes/ghw v0.0.0-20190423090301-93d787280a75 h1:ib7klw4k6o6T17fOwOidh+MzujK+Jsm2pO59TWoltI4=
github.com/jaypipes/ghw v0.0.0-20190423090301-93d787280a75/go.mod h1:d4vBgnp8ae8OOU5uJLwjor0uu3TJwAOk1Jt5DNPlnQ4=
github.com/jaypipes/pcidb v0.0.0-20190216134740-adf5a9192458 h1:MmeDjq+4WTrU47IprN94jdANRpA0w4MF3oVlH8MafWs=
github.com/jaypipes/pcidb v0.0.0-20190216134740-adf5a9192458/go.mod h1:kPBABoOV7RNkrLIqtAdYQeUeHhmWK+NQaYdBNOFB0Iw=
github.com/jessevdk/go-flags v1.4.0/go.mod h1:4FA24M0QyGHXBuZZK/XkWh8h0e1EYbRYJSGM75WSRxI=
github.com/kr/pretty v0.1.0/go.mod h1:dAy3ld7l9f0ibDNOQOHHMYYIIbhfbHSm3C4ZsoJORNo=
github.com/kr/pty v1.1.1/go.mod h1:pFQYn66WHrOpPYNljwOMqo10TkYh1fy3cYio2l3bCsQ=
github.com/kr/text v0.1.0/go.mod h1:4Jbv+DJW3UT/LiOwJeYQe1efqtUx/iVham/4vfdArNI=
github.com/mitchellh/go-homedir v1.1.0 h1:lukF9ziXFxDFPkA1vsr5zpc1XuPDn/wFntq5mG+4E0Y=
github.com/mitchellh/go-homedir v1.1.0/go.mod h1:SfyaCUpYCn1Vlf4IUYiD9fPX4A5wJrkLzIz1N1q0pr0=
github.com/pkg/errors v0.8.1 h1:iURUrRGxPUNPdy5/HRSm+Yj6okJ6UtLINN0Q9M4+h3I=
github.com/pkg/errors v0.8.1/go.mod h1:bwawxfHBFNV+L2hUp1rHADufV3IMtnDRdf1r5NINEl0=
gopkg.in/check.v1 v0.0.0-20161208181325-20d25e280405/go.mod h1:Co6ibVJAznAaIkqp8huTwlJQCZ016jof/cbN4VW5Yz0=
gopkg.in/check.v1 v1.0.0-20180628173108-788fd7840127/go.mod h1:Co6ibVJAznAaIkqp8huTwlJQCZ016jof/cbN4VW5Yz0=
gopkg.in/yaml.v2 v2.2.1 h1:mUhvW9EsL+naU5Q3cakzfE91YhliOondGd6ZrsDBHQE=
gopkg.in/yaml.v2 v2.2.1/go.mod h1:hI93XBmqTisBFMUTm0b8Fm+jr3Dg1NNxqwp+5A1VGuI=
howett.net/plist v0.0.0-20181124034731-591f970eefbb h1:jhnBjNi9UFpfpl8YZhA9CrOqpnJdvzuiHsl/dnxl11M=
howett.net/plist v0.0.0-20181124034731-591f970eefbb/go.mod h1:vMygbs4qMhSZSc4lCUl2OEE+rDiIIJAIdR4m7MiMcm0=
